
Microsoft Visual Studio Solution File, Format Version 12.00
# Visual Studio 14
VisualStudioVersion = 14.0.23107.0
MinimumVisualStudioVersion = 10.0.40219.1
Project("{2150E333-8FDC-42A3-9474-1A3956D46DE8}") = ".paket", ".paket", "{D6B50D1F-8A25-4968-9AF1-5800B856C94B}"
	ProjectSection(SolutionItems) = preProject
		..\..\..\..\paket.dependencies = ..\..\..\..\paket.dependencies
	EndProjectSection
EndProject
Project("{F2A71F9B-5D33-465A-A702-920D77279786}") = "SystemWebReturnType", "SystemWebReturnType\SystemWebReturnType.fsproj", "{EE16CDCB-FF13-401A-ACBB-82DDD496C5DB}"
EndProject
Global
	GlobalSection(SolutionConfigurationPlatforms) = preSolution
		Debug|Any CPU = Debug|Any CPU
		Release|Any CPU = Release|Any CPU
	EndGlobalSection
	GlobalSection(ProjectConfigurationPlatforms) = postSolution
		{EE16CDCB-FF13-401A-ACBB-82DDD496C5DB}.Debug|Any CPU.ActiveCfg = Debug|Any CPU
		{EE16CDCB-FF13-401A-ACBB-82DDD496C5DB}.Debug|Any CPU.Build.0 = Debug|Any CPU
		{EE16CDCB-FF13-401A-ACBB-82DDD496C5DB}.Release|Any CPU.ActiveCfg = Release|Any CPU
		{EE16CDCB-FF13-401A-ACBB-82DDD496C5DB}.Release|Any CPU.Build.0 = Release|Any CPU
	EndGlobalSection
	GlobalSection(SolutionProperties) = preSolution
		HideSolutionNode = FALSE
	EndGlobalSection
EndGlobal
