
Microsoft Visual Studio Solution File, Format Version 12.00
# Visual Studio 14
VisualStudioVersion = 14.0.23107.0
MinimumVisualStudioVersion = 10.0.40219.1
Project("{2150E333-8FDC-42A3-9474-1A3956D46DE8}") = ".paket", ".paket", "{72E61562-583A-4CD0-A9AB-F8883C25C8D5}"
	ProjectSection(SolutionItems) = preProject
		..\..\..\..\paket.dependencies = ..\..\..\..\paket.dependencies
	EndProjectSection
EndProject
Project("{F2A71F9B-5D33-465A-A702-920D77279786}") = "RouteProviderMVC", "RouteProviderMVC.fsproj", "{90D6BC66-9900-4289-A235-F288F16AB702}"
EndProject
Global
	GlobalSection(SolutionConfigurationPlatforms) = preSolution
		Debug|Any CPU = Debug|Any CPU
		Release|Any CPU = Release|Any CPU
	EndGlobalSection
	GlobalSection(ProjectConfigurationPlatforms) = postSolution
		{90D6BC66-9900-4289-A235-F288F16AB702}.Debug|Any CPU.ActiveCfg = Debug|Any CPU
		{90D6BC66-9900-4289-A235-F288F16AB702}.Debug|Any CPU.Build.0 = Debug|Any CPU
		{90D6BC66-9900-4289-A235-F288F16AB702}.Release|Any CPU.ActiveCfg = Release|Any CPU
		{90D6BC66-9900-4289-A235-F288F16AB702}.Release|Any CPU.Build.0 = Release|Any CPU
	EndGlobalSection
	GlobalSection(SolutionProperties) = preSolution
		HideSolutionNode = FALSE
	EndGlobalSection
EndGlobal
